
Microsoft Visual Studio Solution File, Format Version 12.00
# Visual Studio Version 17
VisualStudioVersion = 17.3.32929.385
MinimumVisualStudioVersion = 10.0.40219.1
Project("{8BC9CEB8-8B4A-11D0-8D11-00A0C91BC942}") = "STL-queue", "STL-queue\STL-queue.vcxproj", "{8845013F-1F9B-414D-AB37-C6AF73D673DF}"
EndProject
Global
	GlobalSection(SolutionConfigurationPlatforms) = preSolution
		Debug|x64 = Debug|x64
		Debug|x86 = Debug|x86
		Release|x64 = Release|x64
		Release|x86 = Release|x86
	EndGlobalSection
	GlobalSection(ProjectConfigurationPlatforms) = postSolution
		{8845013F-1F9B-414D-AB37-C6AF73D673DF}.Debug|x64.ActiveCfg = Debug|x64
		{8845013F-1F9B-414D-AB37-C6AF73D673DF}.Debug|x64.Build.0 = Debug|x64
		{8845013F-1F9B-414D-AB37-C6AF73D673DF}.Debug|x86.ActiveCfg = Debug|Win32
		{8845013F-1F9B-414D-AB37-C6AF73D673DF}.Debug|x86.Build.0 = Debug|Win32
		{8845013F-1F9B-414D-AB37-C6AF73D673DF}.Release|x64.ActiveCfg = Release|x64
		{8845013F-1F9B-414D-AB37-C6AF73D673DF}.Release|x64.Build.0 = Release|x64
		{8845013F-1F9B-414D-AB37-C6AF73D673DF}.Release|x86.ActiveCfg = Release|Win32
		{8845013F-1F9B-414D-AB37-C6AF73D673DF}.Release|x86.Build.0 = Release|Win32
	EndGlobalSection
	GlobalSection(SolutionProperties) = preSolution
		HideSolutionNode = FALSE
	EndGlobalSection
	GlobalSection(ExtensibilityGlobals) = postSolution
		SolutionGuid = {2F0B136D-4E85-4BEF-AAC3-E76C3C9B9E42}
	EndGlobalSection
EndGlobal
